
Microsoft Visual Studio Solution File, Format Version 12.00
# Visual Studio 15
VisualStudioVersion = 15.0.27130.2036
MinimumVisualStudioVersion = 10.0.40219.1
Project("{9A19103F-16F7-4668-BE54-9A1E7A4F7556}") = "ApiIdentityServer", "ApiIdentityServer\ApiIdentityServer.csproj", "{0066DBE5-0E6A-4607-A14F-DC1AC2FAF891}"
EndProject
Project("{9A19103F-16F7-4668-BE54-9A1E7A4F7556}") = "ImplicitFlowMvcClient", "ImplicitFlowMvcClient\ImplicitFlowMvcClient.csproj", "{445BCA05-3B48-4D39-AB86-66DD220CBA15}"
EndProject
Project("{9A19103F-16F7-4668-BE54-9A1E7A4F7556}") = "SPAImplicitClient", "SPAImplicitClient\SPAImplicitClient.csproj", "{1E431E1D-2B47-431B-AC96-8B32CF4B6EB4}"
EndProject
Project("{9A19103F-16F7-4668-BE54-9A1E7A4F7556}") = "CoursesWebApi", "CoursesWebApi\CoursesWebApi.csproj", "{3D2A2A9A-C7CF-4FA7-BD66-D73C4660DDF4}"
EndProject
Project("{2150E333-8FDC-42A3-9474-1A3956D46DE8}") = "Solution Items", "Solution Items", "{FBD45B08-A199-4D61-90CE-4A615788423E}"
	ProjectSection(SolutionItems) = preProject
		IdentityServerSTW.postman_collection.json = IdentityServerSTW.postman_collection.json
		readme.md = readme.md
	EndProjectSection
EndProject
Global
	GlobalSection(SolutionConfigurationPlatforms) = preSolution
		Debug|Any CPU = Debug|Any CPU
		Release|Any CPU = Release|Any CPU
	EndGlobalSection
	GlobalSection(ProjectConfigurationPlatforms) = postSolution
		{0066DBE5-0E6A-4607-A14F-DC1AC2FAF891}.Debug|Any CPU.ActiveCfg = Debug|Any CPU
		{0066DBE5-0E6A-4607-A14F-DC1AC2FAF891}.Debug|Any CPU.Build.0 = Debug|Any CPU
		{0066DBE5-0E6A-4607-A14F-DC1AC2FAF891}.Release|Any CPU.ActiveCfg = Release|Any CPU
		{0066DBE5-0E6A-4607-A14F-DC1AC2FAF891}.Release|Any CPU.Build.0 = Release|Any CPU
		{445BCA05-3B48-4D39-AB86-66DD220CBA15}.Debug|Any CPU.ActiveCfg = Debug|Any CPU
		{445BCA05-3B48-4D39-AB86-66DD220CBA15}.Debug|Any CPU.Build.0 = Debug|Any CPU
		{445BCA05-3B48-4D39-AB86-66DD220CBA15}.Release|Any CPU.ActiveCfg = Release|Any CPU
		{445BCA05-3B48-4D39-AB86-66DD220CBA15}.Release|Any CPU.Build.0 = Release|Any CPU
		{1E431E1D-2B47-431B-AC96-8B32CF4B6EB4}.Debug|Any CPU.ActiveCfg = Debug|Any CPU
		{1E431E1D-2B47-431B-AC96-8B32CF4B6EB4}.Debug|Any CPU.Build.0 = Debug|Any CPU
		{1E431E1D-2B47-431B-AC96-8B32CF4B6EB4}.Release|Any CPU.ActiveCfg = Release|Any CPU
		{1E431E1D-2B47-431B-AC96-8B32CF4B6EB4}.Release|Any CPU.Build.0 = Release|Any CPU
		{3D2A2A9A-C7CF-4FA7-BD66-D73C4660DDF4}.Debug|Any CPU.ActiveCfg = Debug|Any CPU
		{3D2A2A9A-C7CF-4FA7-BD66-D73C4660DDF4}.Debug|Any CPU.Build.0 = Debug|Any CPU
		{3D2A2A9A-C7CF-4FA7-BD66-D73C4660DDF4}.Release|Any CPU.ActiveCfg = Release|Any CPU
		{3D2A2A9A-C7CF-4FA7-BD66-D73C4660DDF4}.Release|Any CPU.Build.0 = Release|Any CPU
	EndGlobalSection
	GlobalSection(SolutionProperties) = preSolution
		HideSolutionNode = FALSE
	EndGlobalSection
	GlobalSection(ExtensibilityGlobals) = postSolution
		SolutionGuid = {9233A2CA-9A16-414D-8CD3-5079E4C35DA7}
	EndGlobalSection
EndGlobal
